
Microsoft Visual Studio Solution File, Format Version 12.00
# Visual Studio 15
Project("{FAE04EC0-301F-11D3-BF4B-00C04F79EFBC}") = "DependencyInjection", "DependencyInjection\DependencyInjection.csproj", "{6C60D811-7B16-4541-BE75-252F5A7AA85E}"
EndProject
Global
	GlobalSection(SolutionConfigurationPlatforms) = preSolution
		Debug|Any CPU = Debug|Any CPU
		Release|Any CPU = Release|Any CPU
	EndGlobalSection
	GlobalSection(ProjectConfigurationPlatforms) = postSolution
		{6C60D811-7B16-4541-BE75-252F5A7AA85E}.Debug|Any CPU.ActiveCfg = Debug|Any CPU
		{6C60D811-7B16-4541-BE75-252F5A7AA85E}.Debug|Any CPU.Build.0 = Debug|Any CPU
		{6C60D811-7B16-4541-BE75-252F5A7AA85E}.Release|Any CPU.ActiveCfg = Release|Any CPU
		{6C60D811-7B16-4541-BE75-252F5A7AA85E}.Release|Any CPU.Build.0 = Release|Any CPU
	EndGlobalSection
EndGlobal
